// !$*UTF8*$!
{
	archiveVersion = 1;
	classes = {
	};
	objectVersion = 48;
	objects = {

/* Begin PBXBuildFile section */
		43213BF21FA24AD1005F9C94 /* CropAreaView.swift in Sources */ = {isa = PBXBuildFile; fileRef = 43213BF11FA24AD1005F9C94 /* CropAreaView.swift */; };
		43213BF41FA252DE005F9C94 /* Assets.xcassets in Resources */ = {isa = PBXBuildFile; fileRef = 43213BF31FA252D7005F9C94 /* Assets.xcassets */; };
		433D0B501F977838007AB702 /* AppStoryboard.swift in Sources */ = {isa = PBXBuildFile; fileRef = 433D0B4F1F977838007AB702 /* AppStoryboard.swift */; };
		433D0B521F977ABB007AB702 /* NSObject+Extension.swift in Sources */ = {isa = PBXBuildFile; fileRef = 433D0B511F977ABB007AB702 /* NSObject+Extension.swift */; };
		433D0B561F978C9D007AB702 /* Data+Extension.swift in Sources */ = {isa = PBXBuildFile; fileRef = 433D0B551F978C9D007AB702 /* Data+Extension.swift */; };
		4343307D1F95E9AA00632C65 /* CIFilter+Extension.swift in Sources */ = {isa = PBXBuildFile; fileRef = 4343307C1F95E9AA00632C65 /* CIFilter+Extension.swift */; };
		436A674B1FCD8D4E005B8FCA /* UIButton+Extension.swift in Sources */ = {isa = PBXBuildFile; fileRef = 436A674A1FCD8D4E005B8FCA /* UIButton+Extension.swift */; };
		436A674E1FCDB626005B8FCA /* PosterTextCreationViewController.swift in Sources */ = {isa = PBXBuildFile; fileRef = 436A674D1FCDB626005B8FCA /* PosterTextCreationViewController.swift */; };
		436A67511FCDB6E5005B8FCA /* BaseViewController.swift in Sources */ = {isa = PBXBuildFile; fileRef = 436A67501FCDB6E5005B8FCA /* BaseViewController.swift */; };
		436A67531FCDB719005B8FCA /* KeyboardDelegate.swift in Sources */ = {isa = PBXBuildFile; fileRef = 436A67521FCDB719005B8FCA /* KeyboardDelegate.swift */; };
		436A67551FCDB74C005B8FCA /* UIApplication+Extension.swift in Sources */ = {isa = PBXBuildFile; fileRef = 436A67541FCDB74C005B8FCA /* UIApplication+Extension.swift */; };
		436A67581FCDBB49005B8FCA /* xerox-sans.ttf in Resources */ = {isa = PBXBuildFile; fileRef = 436A67571FCDBB48005B8FCA /* xerox-sans.ttf */; };
		436A675A1FCDC01D005B8FCA /* KMPlaceholderTextView.swift in Sources */ = {isa = PBXBuildFile; fileRef = 436A67591FCDC01D005B8FCA /* KMPlaceholderTextView.swift */; };
		436A675D1FCDC177005B8FCA /* AppFont.swift in Sources */ = {isa = PBXBuildFile; fileRef = 436A675C1FCDC177005B8FCA /* AppFont.swift */; };
		436A67631FCDFB55005B8FCA /* PosterTextCreationInfo.swift in Sources */ = {isa = PBXBuildFile; fileRef = 436A67621FCDFB55005B8FCA /* PosterTextCreationInfo.swift */; };
		436A67651FCDFB96005B8FCA /* PosterTextCreationDataProvider.swift in Sources */ = {isa = PBXBuildFile; fileRef = 436A67641FCDFB96005B8FCA /* PosterTextCreationDataProvider.swift */; };
		436A676F1FCE01D2005B8FCA /* LSFramework.framework in Frameworks */ = {isa = PBXBuildFile; fileRef = 436A676C1FCE01C3005B8FCA /* LSFramework.framework */; };
		436A67701FCE01D3005B8FCA /* LSFramework.framework in Embed Frameworks */ = {isa = PBXBuildFile; fileRef = 436A676C1FCE01C3005B8FCA /* LSFramework.framework */; settings = {ATTRIBUTES = (CodeSignOnCopy, RemoveHeadersOnCopy, ); }; };
		4378D3B81F8265060010E565 /* UIView+Extension.swift in Sources */ = {isa = PBXBuildFile; fileRef = 4378D3B71F8265060010E565 /* UIView+Extension.swift */; };
		4378D3BA1F8266100010E565 /* PosterPageViewController.swift in Sources */ = {isa = PBXBuildFile; fileRef = 4378D3B91F8266100010E565 /* PosterPageViewController.swift */; };
		4378D3BC1F82667D0010E565 /* PosterViewController.swift in Sources */ = {isa = PBXBuildFile; fileRef = 4378D3BB1F82667D0010E565 /* PosterViewController.swift */; };
		43822D251F98BE3B00E8D868 /* PosterDataProvider.swift in Sources */ = {isa = PBXBuildFile; fileRef = 43822D241F98BE3B00E8D868 /* PosterDataProvider.swift */; };
		43822D271F98BEF700E8D868 /* PosterFilterType.swift in Sources */ = {isa = PBXBuildFile; fileRef = 43822D261F98BEF700E8D868 /* PosterFilterType.swift */; };
		43822D291F98BF2B00E8D868 /* Poster.swift in Sources */ = {isa = PBXBuildFile; fileRef = 43822D281F98BF2B00E8D868 /* Poster.swift */; };
		43822D2B1F98C7D700E8D868 /* MonochromePoster.swift in Sources */ = {isa = PBXBuildFile; fileRef = 43822D2A1F98C7D700E8D868 /* MonochromePoster.swift */; };
		4383BC761F8B66AD00A10E30 /* PhotoCaptureViewController+AVCaptureVideoDataOutputSampleBufferDelegate.swift in Sources */ = {isa = PBXBuildFile; fileRef = 4383BC751F8B66AD00A10E30 /* PhotoCaptureViewController+AVCaptureVideoDataOutputSampleBufferDelegate.swift */; };
		4383BC781F8B66EC00A10E30 /* PhotoCaptureViewController+AVCapturePhotoCaptureDelegate.swift in Sources */ = {isa = PBXBuildFile; fileRef = 4383BC771F8B66EC00A10E30 /* PhotoCaptureViewController+AVCapturePhotoCaptureDelegate.swift */; };
		4383BC7D1F8CB99700A10E30 /* AppButton.swift in Sources */ = {isa = PBXBuildFile; fileRef = 4383BC7C1F8CB99700A10E30 /* AppButton.swift */; };
		438ED7451FA2F82E0042D243 /* PhotoCaptureViewControllerState.swift in Sources */ = {isa = PBXBuildFile; fileRef = 438ED7441FA2F82E0042D243 /* PhotoCaptureViewControllerState.swift */; };
		438ED7481FA2FBCB0042D243 /* UIViewController+Extension.swift in Sources */ = {isa = PBXBuildFile; fileRef = 438ED7471FA2FBCB0042D243 /* UIViewController+Extension.swift */; };
		438ED74A1FA31A9D0042D243 /* ImageCropDelegate.swift in Sources */ = {isa = PBXBuildFile; fileRef = 438ED7491FA31A9D0042D243 /* ImageCropDelegate.swift */; };
		438ED74C1FA31AB20042D243 /* ImageCropDataSource.swift in Sources */ = {isa = PBXBuildFile; fileRef = 438ED74B1FA31AB20042D243 /* ImageCropDataSource.swift */; };
		4390F3DB1FDFEEB000DE9999 /* StoreReviewHelper.swift in Sources */ = {isa = PBXBuildFile; fileRef = 4390F3DA1FDFEEB000DE9999 /* StoreReviewHelper.swift */; };
		43A35A9F1F8A22F5004037F1 /* PhotoCaptureViewController+Extension.swift in Sources */ = {isa = PBXBuildFile; fileRef = 43A35A9E1F8A22F5004037F1 /* PhotoCaptureViewController+Extension.swift */; };
		43A516CB1F7E248100DCECFF /* AppDelegate.swift in Sources */ = {isa = PBXBuildFile; fileRef = 43A516CA1F7E248100DCECFF /* AppDelegate.swift */; };
		43A516CD1F7E248100DCECFF /* PhotoCaptureViewController.swift in Sources */ = {isa = PBXBuildFile; fileRef = 43A516CC1F7E248100DCECFF /* PhotoCaptureViewController.swift */; };
		43A516D01F7E248100DCECFF /* Main.storyboard in Resources */ = {isa = PBXBuildFile; fileRef = 43A516CE1F7E248100DCECFF /* Main.storyboard */; };
		43A516D51F7E248100DCECFF /* LaunchScreen.storyboard in Resources */ = {isa = PBXBuildFile; fileRef = 43A516D31F7E248100DCECFF /* LaunchScreen.storyboard */; };
		43A516DE1F7E24DB00DCECFF /* AVFoundation.framework in Frameworks */ = {isa = PBXBuildFile; fileRef = 43A516DD1F7E24DB00DCECFF /* AVFoundation.framework */; };
		43A516E01F7E342600DCECFF /* DemoCaptureViewController.swift in Sources */ = {isa = PBXBuildFile; fileRef = 43A516DF1F7E342600DCECFF /* DemoCaptureViewController.swift */; };
		43AFE2811F8901C50065B496 /* UIImage+Extension.swift in Sources */ = {isa = PBXBuildFile; fileRef = 43AFE2801F8901C50065B496 /* UIImage+Extension.swift */; };
		43C02E3D1F9D0644002F79B4 /* UIColor+Extension.swift in Sources */ = {isa = PBXBuildFile; fileRef = 43C02E3C1F9D0644002F79B4 /* UIColor+Extension.swift */; };
		43C041951FA1E2D200B8E978 /* PhotoLibraryViewController.swift in Sources */ = {isa = PBXBuildFile; fileRef = 43C041941FA1E2D200B8E978 /* PhotoLibraryViewController.swift */; };
		43C041971FA1E4D300B8E978 /* ImageFetcher.swift in Sources */ = {isa = PBXBuildFile; fileRef = 43C041961FA1E4D200B8E978 /* ImageFetcher.swift */; };
		43C041991FA1E50600B8E978 /* PhotoLibraryAuthorizer.swift in Sources */ = {isa = PBXBuildFile; fileRef = 43C041981FA1E50600B8E978 /* PhotoLibraryAuthorizer.swift */; };
		43C0419B1FA1E56E00B8E978 /* ImageCell.swift in Sources */ = {isa = PBXBuildFile; fileRef = 43C0419A1FA1E56E00B8E978 /* ImageCell.swift */; };
		43C041A11FA207E600B8E978 /* PhotoLibraryWrapper.swift in Sources */ = {isa = PBXBuildFile; fileRef = 43C041A01FA207E600B8E978 /* PhotoLibraryWrapper.swift */; };
		43C041A31FA249FB00B8E978 /* PhotoLibraryWrapperDelegate.swift in Sources */ = {isa = PBXBuildFile; fileRef = 43C041A21FA249FB00B8E978 /* PhotoLibraryWrapperDelegate.swift */; };
		43C134F91FA1BB2100938218 /* PhotoLibrary.storyboard in Resources */ = {isa = PBXBuildFile; fileRef = 43C134F81FA1BB2100938218 /* PhotoLibrary.storyboard */; };
		43C134FC1FA1BC2800938218 /* ImageCropInfo.swift in Sources */ = {isa = PBXBuildFile; fileRef = 43C134FB1FA1BC2800938218 /* ImageCropInfo.swift */; };
		43C134FD1FA1BCDD00938218 /* ImageCropViewController.swift in Sources */ = {isa = PBXBuildFile; fileRef = 43C134F71FA1BAD000938218 /* ImageCropViewController.swift */; };
		43C134FF1FA1BE2C00938218 /* PhotoCaptureViewController+ImageCropDelegate.swift in Sources */ = {isa = PBXBuildFile; fileRef = 43C134FE1FA1BE2C00938218 /* PhotoCaptureViewController+ImageCropDelegate.swift */; };
		43C4D1301FE26D3A00EC6D22 /* LoadingAppButton.swift in Sources */ = {isa = PBXBuildFile; fileRef = 43C4D12F1FE26D3A00EC6D22 /* LoadingAppButton.swift */; };
		43E530861F8A537000D074E5 /* CIImage+Extension.swift in Sources */ = {isa = PBXBuildFile; fileRef = 43E530851F8A537000D074E5 /* CIImage+Extension.swift */; };
		43F0F7571F865AF000B251C3 /* UIViewController+UIImagePickerControllerDelegate+Extension.swift in Sources */ = {isa = PBXBuildFile; fileRef = 43F0F7561F865AF000B251C3 /* UIViewController+UIImagePickerControllerDelegate+Extension.swift */; };
		43F7DA141FCD676900D1BB8B /* PosterPageDelegate.swift in Sources */ = {isa = PBXBuildFile; fileRef = 43F7DA131FCD676900D1BB8B /* PosterPageDelegate.swift */; };
/* End PBXBuildFile section */

/* Begin PBXContainerItemProxy section */
		436A676B1FCE01C3005B8FCA /* PBXContainerItemProxy */ = {
			isa = PBXContainerItemProxy;
			containerPortal = 436A67661FCE01C2005B8FCA /* LSFramework.xcodeproj */;
			proxyType = 2;
			remoteGlobalIDString = 43B0C6521FA725E8003180DC;
			remoteInfo = LSFramework;
		};
		436A676D1FCE01C3005B8FCA /* PBXContainerItemProxy */ = {
			isa = PBXContainerItemProxy;
			containerPortal = 436A67661FCE01C2005B8FCA /* LSFramework.xcodeproj */;
			proxyType = 2;
			remoteGlobalIDString = 43B0C65B1FA725E9003180DC;
			remoteInfo = LSFrameworkTests;
		};
		436A67711FCE01D3005B8FCA /* PBXContainerItemProxy */ = {
			isa = PBXContainerItemProxy;
			containerPortal = 436A67661FCE01C2005B8FCA /* LSFramework.xcodeproj */;
			proxyType = 1;
			remoteGlobalIDString = 43B0C6511FA725E8003180DC;
			remoteInfo = LSFramework;
		};
/* End PBXContainerItemProxy section */

/* Begin PBXCopyFilesBuildPhase section */
		436A67731FCE01D3005B8FCA /* Embed Frameworks */ = {
			isa = PBXCopyFilesBuildPhase;
			buildActionMask = 2147483647;
			dstPath = "";
			dstSubfolderSpec = 10;
			files = (
				436A67701FCE01D3005B8FCA /* LSFramework.framework in Embed Frameworks */,
			);
			name = "Embed Frameworks";
			runOnlyForDeploymentPostprocessing = 0;
		};
/* End PBXCopyFilesBuildPhase section */

/* Begin PBXFileReference section */
		43213BF11FA24AD1005F9C94 /* CropAreaView.swift */ = {isa = PBXFileReference; lastKnownFileType = sourcecode.swift; path = CropAreaView.swift; sourceTree = "<group>"; };
		43213BF31FA252D7005F9C94 /* Assets.xcassets */ = {isa = PBXFileReference; lastKnownFileType = folder.assetcatalog; path = Assets.xcassets; sourceTree = "<group>"; };
		43213BF51FA252F1005F9C94 /* Info.plist */ = {isa = PBXFileReference; lastKnownFileType = text.plist.xml; path = Info.plist; sourceTree = "<group>"; };
		433D0B4F1F977838007AB702 /* AppStoryboard.swift */ = {isa = PBXFileReference; lastKnownFileType = sourcecode.swift; path = AppStoryboard.swift; sourceTree = "<group>"; };
		433D0B511F977ABB007AB702 /* NSObject+Extension.swift */ = {isa = PBXFileReference; lastKnownFileType = sourcecode.swift; path = "NSObject+Extension.swift"; sourceTree = "<group>"; };
		433D0B551F978C9D007AB702 /* Data+Extension.swift */ = {isa = PBXFileReference; lastKnownFileType = sourcecode.swift; path = "Data+Extension.swift"; sourceTree = "<group>"; };
		4343307C1F95E9AA00632C65 /* CIFilter+Extension.swift */ = {isa = PBXFileReference; lastKnownFileType = sourcecode.swift; path = "CIFilter+Extension.swift"; sourceTree = "<group>"; };
		436A674A1FCD8D4E005B8FCA /* UIButton+Extension.swift */ = {isa = PBXFileReference; lastKnownFileType = sourcecode.swift; path = "UIButton+Extension.swift"; sourceTree = "<group>"; };
		436A674D1FCDB626005B8FCA /* PosterTextCreationViewController.swift */ = {isa = PBXFileReference; lastKnownFileType = sourcecode.swift; path = PosterTextCreationViewController.swift; sourceTree = "<group>"; };
		436A67501FCDB6E5005B8FCA /* BaseViewController.swift */ = {isa = PBXFileReference; lastKnownFileType = sourcecode.swift; path = BaseViewController.swift; sourceTree = "<group>"; };
		436A67521FCDB719005B8FCA /* KeyboardDelegate.swift */ = {isa = PBXFileReference; lastKnownFileType = sourcecode.swift; path = KeyboardDelegate.swift; sourceTree = "<group>"; };
		436A67541FCDB74C005B8FCA /* UIApplication+Extension.swift */ = {isa = PBXFileReference; lastKnownFileType = sourcecode.swift; path = "UIApplication+Extension.swift"; sourceTree = "<group>"; };
		436A67571FCDBB48005B8FCA /* xerox-sans.ttf */ = {isa = PBXFileReference; lastKnownFileType = file; path = "xerox-sans.ttf"; sourceTree = "<group>"; };
		436A67591FCDC01D005B8FCA /* KMPlaceholderTextView.swift */ = {isa = PBXFileReference; lastKnownFileType = sourcecode.swift; path = KMPlaceholderTextView.swift; sourceTree = "<group>"; };
		436A675C1FCDC177005B8FCA /* AppFont.swift */ = {isa = PBXFileReference; lastKnownFileType = sourcecode.swift; path = AppFont.swift; sourceTree = "<group>"; };
		436A67621FCDFB55005B8FCA /* PosterTextCreationInfo.swift */ = {isa = PBXFileReference; lastKnownFileType = sourcecode.swift; path = PosterTextCreationInfo.swift; sourceTree = "<group>"; };
		436A67641FCDFB96005B8FCA /* PosterTextCreationDataProvider.swift */ = {isa = PBXFileReference; lastKnownFileType = sourcecode.swift; path = PosterTextCreationDataProvider.swift; sourceTree = "<group>"; };
		436A67661FCE01C2005B8FCA /* LSFramework.xcodeproj */ = {isa = PBXFileReference; lastKnownFileType = "wrapper.pb-project"; name = LSFramework.xcodeproj; path = ../../LSFramework/LSFramework.xcodeproj; sourceTree = "<group>"; };
		4378D3B71F8265060010E565 /* UIView+Extension.swift */ = {isa = PBXFileReference; lastKnownFileType = sourcecode.swift; path = "UIView+Extension.swift"; sourceTree = "<group>"; };
		4378D3B91F8266100010E565 /* PosterPageViewController.swift */ = {isa = PBXFileReference; lastKnownFileType = sourcecode.swift; path = PosterPageViewController.swift; sourceTree = "<group>"; };
		4378D3BB1F82667D0010E565 /* PosterViewController.swift */ = {isa = PBXFileReference; lastKnownFileType = sourcecode.swift; path = PosterViewController.swift; sourceTree = "<group>"; };
		43822D241F98BE3B00E8D868 /* PosterDataProvider.swift */ = {isa = PBXFileReference; lastKnownFileType = sourcecode.swift; path = PosterDataProvider.swift; sourceTree = "<group>"; };
		43822D261F98BEF700E8D868 /* PosterFilterType.swift */ = {isa = PBXFileReference; lastKnownFileType = sourcecode.swift; path = PosterFilterType.swift; sourceTree = "<group>"; };
		43822D281F98BF2B00E8D868 /* Poster.swift */ = {isa = PBXFileReference; lastKnownFileType = sourcecode.swift; path = Poster.swift; sourceTree = "<group>"; };
		43822D2A1F98C7D700E8D868 /* MonochromePoster.swift */ = {isa = PBXFileReference; lastKnownFileType = sourcecode.swift; path = MonochromePoster.swift; sourceTree = "<group>"; };
		4383BC751F8B66AD00A10E30 /* PhotoCaptureViewController+AVCaptureVideoDataOutputSampleBufferDelegate.swift */ = {isa = PBXFileReference; lastKnownFileType = sourcecode.swift; path = "PhotoCaptureViewController+AVCaptureVideoDataOutputSampleBufferDelegate.swift"; sourceTree = "<group>"; };
		4383BC771F8B66EC00A10E30 /* PhotoCaptureViewController+AVCapturePhotoCaptureDelegate.swift */ = {isa = PBXFileReference; lastKnownFileType = sourcecode.swift; path = "PhotoCaptureViewController+AVCapturePhotoCaptureDelegate.swift"; sourceTree = "<group>"; };
		4383BC7C1F8CB99700A10E30 /* AppButton.swift */ = {isa = PBXFileReference; lastKnownFileType = sourcecode.swift; path = AppButton.swift; sourceTree = "<group>"; };
		438ED7441FA2F82E0042D243 /* PhotoCaptureViewControllerState.swift */ = {isa = PBXFileReference; lastKnownFileType = sourcecode.swift; path = PhotoCaptureViewControllerState.swift; sourceTree = "<group>"; };
		438ED7471FA2FBCB0042D243 /* UIViewController+Extension.swift */ = {isa = PBXFileReference; lastKnownFileType = sourcecode.swift; path = "UIViewController+Extension.swift"; sourceTree = "<group>"; };
		438ED7491FA31A9D0042D243 /* ImageCropDelegate.swift */ = {isa = PBXFileReference; lastKnownFileType = sourcecode.swift; path = ImageCropDelegate.swift; sourceTree = "<group>"; };
		438ED74B1FA31AB20042D243 /* ImageCropDataSource.swift */ = {isa = PBXFileReference; lastKnownFileType = sourcecode.swift; path = ImageCropDataSource.swift; sourceTree = "<group>"; };
		4390F3DA1FDFEEB000DE9999 /* StoreReviewHelper.swift */ = {isa = PBXFileReference; lastKnownFileType = sourcecode.swift; path = StoreReviewHelper.swift; sourceTree = "<group>"; };
		43A35A9E1F8A22F5004037F1 /* PhotoCaptureViewController+Extension.swift */ = {isa = PBXFileReference; lastKnownFileType = sourcecode.swift; path = "PhotoCaptureViewController+Extension.swift"; sourceTree = "<group>"; };
		43A516C71F7E248100DCECFF /* AngerSun.app */ = {isa = PBXFileReference; explicitFileType = wrapper.application; includeInIndex = 0; path = AngerSun.app; sourceTree = BUILT_PRODUCTS_DIR; };
		43A516CA1F7E248100DCECFF /* AppDelegate.swift */ = {isa = PBXFileReference; lastKnownFileType = sourcecode.swift; path = AppDelegate.swift; sourceTree = "<group>"; };
		43A516CC1F7E248100DCECFF /* PhotoCaptureViewController.swift */ = {isa = PBXFileReference; lastKnownFileType = sourcecode.swift; path = PhotoCaptureViewController.swift; sourceTree = "<group>"; };
		43A516CF1F7E248100DCECFF /* Base */ = {isa = PBXFileReference; lastKnownFileType = file.storyboard; name = Base; path = Base.lproj/Main.storyboard; sourceTree = "<group>"; };
		43A516D41F7E248100DCECFF /* Base */ = {isa = PBXFileReference; lastKnownFileType = file.storyboard; name = Base; path = Base.lproj/LaunchScreen.storyboard; sourceTree = "<group>"; };
		43A516DD1F7E24DB00DCECFF /* AVFoundation.framework */ = {isa = PBXFileReference; lastKnownFileType = wrapper.framework; name = AVFoundation.framework; path = System/Library/Frameworks/AVFoundation.framework; sourceTree = SDKROOT; };
		43A516DF1F7E342600DCECFF /* DemoCaptureViewController.swift */ = {isa = PBXFileReference; lastKnownFileType = sourcecode.swift; path = DemoCaptureViewController.swift; sourceTree = "<group>"; };
		43AFE2801F8901C50065B496 /* UIImage+Extension.swift */ = {isa = PBXFileReference; lastKnownFileType = sourcecode.swift; path = "UIImage+Extension.swift"; sourceTree = "<group>"; };
		43C02E3C1F9D0644002F79B4 /* UIColor+Extension.swift */ = {isa = PBXFileReference; lastKnownFileType = sourcecode.swift; path = "UIColor+Extension.swift"; sourceTree = "<group>"; };
		43C041941FA1E2D200B8E978 /* PhotoLibraryViewController.swift */ = {isa = PBXFileReference; lastKnownFileType = sourcecode.swift; path = PhotoLibraryViewController.swift; sourceTree = "<group>"; };
		43C041961FA1E4D200B8E978 /* ImageFetcher.swift */ = {isa = PBXFileReference; lastKnownFileType = sourcecode.swift; path = ImageFetcher.swift; sourceTree = "<group>"; };
		43C041981FA1E50600B8E978 /* PhotoLibraryAuthorizer.swift */ = {isa = PBXFileReference; lastKnownFileType = sourcecode.swift; path = PhotoLibraryAuthorizer.swift; sourceTree = "<group>"; };
		43C0419A1FA1E56E00B8E978 /* ImageCell.swift */ = {isa = PBXFileReference; lastKnownFileType = sourcecode.swift; path = ImageCell.swift; sourceTree = "<group>"; };
		43C041A01FA207E600B8E978 /* PhotoLibraryWrapper.swift */ = {isa = PBXFileReference; lastKnownFileType = sourcecode.swift; path = PhotoLibraryWrapper.swift; sourceTree = "<group>"; };
		43C041A21FA249FB00B8E978 /* PhotoLibraryWrapperDelegate.swift */ = {isa = PBXFileReference; lastKnownFileType = sourcecode.swift; path = PhotoLibraryWrapperDelegate.swift; sourceTree = "<group>"; };
		43C134F71FA1BAD000938218 /* ImageCropViewController.swift */ = {isa = PBXFileReference; lastKnownFileType = sourcecode.swift; path = ImageCropViewController.swift; sourceTree = "<group>"; };
		43C134F81FA1BB2100938218 /* PhotoLibrary.storyboard */ = {isa = PBXFileReference; lastKnownFileType = file.storyboard; path = PhotoLibrary.storyboard; sourceTree = "<group>"; };
		43C134FB1FA1BC2800938218 /* ImageCropInfo.swift */ = {isa = PBXFileReference; lastKnownFileType = sourcecode.swift; path = ImageCropInfo.swift; sourceTree = "<group>"; };
		43C134FE1FA1BE2C00938218 /* PhotoCaptureViewController+ImageCropDelegate.swift */ = {isa = PBXFileReference; lastKnownFileType = sourcecode.swift; path = "PhotoCaptureViewController+ImageCropDelegate.swift"; sourceTree = "<group>"; };
		43C4D12F1FE26D3A00EC6D22 /* LoadingAppButton.swift */ = {isa = PBXFileReference; lastKnownFileType = sourcecode.swift; path = LoadingAppButton.swift; sourceTree = "<group>"; };
		43E530851F8A537000D074E5 /* CIImage+Extension.swift */ = {isa = PBXFileReference; lastKnownFileType = sourcecode.swift; path = "CIImage+Extension.swift"; sourceTree = "<group>"; };
		43F0F7561F865AF000B251C3 /* UIViewController+UIImagePickerControllerDelegate+Extension.swift */ = {isa = PBXFileReference; lastKnownFileType = sourcecode.swift; path = "UIViewController+UIImagePickerControllerDelegate+Extension.swift"; sourceTree = "<group>"; };
		43F7DA131FCD676900D1BB8B /* PosterPageDelegate.swift */ = {isa = PBXFileReference; lastKnownFileType = sourcecode.swift; path = PosterPageDelegate.swift; sourceTree = "<group>"; };
/* End PBXFileReference section */

/* Begin PBXFrameworksBuildPhase section */
		43A516C41F7E248100DCECFF /* Frameworks */ = {
			isa = PBXFrameworksBuildPhase;
			buildActionMask = 2147483647;
			files = (
				436A676F1FCE01D2005B8FCA /* LSFramework.framework in Frameworks */,
				43A516DE1F7E24DB00DCECFF /* AVFoundation.framework in Frameworks */,
			);
			runOnlyForDeploymentPostprocessing = 0;
		};
/* End PBXFrameworksBuildPhase section */

/* Begin PBXGroup section */
		436A67561FCDBB38005B8FCA /* Fonts */ = {
			isa = PBXGroup;
			children = (
				436A67571FCDBB48005B8FCA /* xerox-sans.ttf */,
				436A675C1FCDC177005B8FCA /* AppFont.swift */,
			);
			path = Fonts;
			sourceTree = "<group>";
		};
		436A67601FCDFB33005B8FCA /* PosterTextCreation */ = {
			isa = PBXGroup;
			children = (
				436A674D1FCDB626005B8FCA /* PosterTextCreationViewController.swift */,
			);
			path = PosterTextCreation;
			sourceTree = "<group>";
		};
		436A67611FCDFB4C005B8FCA /* PosterTextCreation */ = {
			isa = PBXGroup;
			children = (
				436A67621FCDFB55005B8FCA /* PosterTextCreationInfo.swift */,
				436A67641FCDFB96005B8FCA /* PosterTextCreationDataProvider.swift */,
			);
			path = PosterTextCreation;
			sourceTree = "<group>";
		};
		436A67671FCE01C2005B8FCA /* Products */ = {
			isa = PBXGroup;
			children = (
				436A676C1FCE01C3005B8FCA /* LSFramework.framework */,
				436A676E1FCE01C3005B8FCA /* LSFrameworkTests.xctest */,
			);
			name = Products;
			sourceTree = "<group>";
		};
		43822D231F98BDE700E8D868 /* Poster */ = {
			isa = PBXGroup;
			children = (
				43822D241F98BE3B00E8D868 /* PosterDataProvider.swift */,
				43822D261F98BEF700E8D868 /* PosterFilterType.swift */,
				43822D281F98BF2B00E8D868 /* Poster.swift */,
				43822D2A1F98C7D700E8D868 /* MonochromePoster.swift */,
			);
			path = Poster;
			sourceTree = "<group>";
		};
		4383BC7B1F8CB98600A10E30 /* Model */ = {
			isa = PBXGroup;
			children = (
				4383BC7C1F8CB99700A10E30 /* AppButton.swift */,
				436A67521FCDB719005B8FCA /* KeyboardDelegate.swift */,
				4390F3DA1FDFEEB000DE9999 /* StoreReviewHelper.swift */,
				43C4D12F1FE26D3A00EC6D22 /* LoadingAppButton.swift */,
			);
			path = Model;
			sourceTree = "<group>";
		};
		438ED7461FA2F8940042D243 /* PhosterPager */ = {
			isa = PBXGroup;
			children = (
				4378D3B91F8266100010E565 /* PosterPageViewController.swift */,
				4378D3BB1F82667D0010E565 /* PosterViewController.swift */,
				43F7DA131FCD676900D1BB8B /* PosterPageDelegate.swift */,
			);
			path = PhosterPager;
			sourceTree = "<group>";
		};
		43A35A961F8A2142004037F1 /* App */ = {
			isa = PBXGroup;
			children = (
				43A35A971F8A2151004037F1 /* AppDelegate */,
				4383BC7B1F8CB98600A10E30 /* Model */,
				43A35A9C1F8A21D9004037F1 /* View */,
				43C134F61FA1BAB100938218 /* Controllers */,
				43A35A981F8A216B004037F1 /* Extension */,
				436A67561FCDBB38005B8FCA /* Fonts */,
				43A35A991F8A218D004037F1 /* Plist */,
				43213BF31FA252D7005F9C94 /* Assets.xcassets */,
			);
			path = App;
			sourceTree = "<group>";
		};
		43A35A971F8A2151004037F1 /* AppDelegate */ = {
			isa = PBXGroup;
			children = (
				43A516CA1F7E248100DCECFF /* AppDelegate.swift */,
			);
			path = AppDelegate;
			sourceTree = "<group>";
		};
		43A35A981F8A216B004037F1 /* Extension */ = {
			isa = PBXGroup;
			children = (
				43C02E3C1F9D0644002F79B4 /* UIColor+Extension.swift */,
				43F0F7561F865AF000B251C3 /* UIViewController+UIImagePickerControllerDelegate+Extension.swift */,
				4378D3B71F8265060010E565 /* UIView+Extension.swift */,
				43AFE2801F8901C50065B496 /* UIImage+Extension.swift */,
				43E530851F8A537000D074E5 /* CIImage+Extension.swift */,
				4343307C1F95E9AA00632C65 /* CIFilter+Extension.swift */,
				433D0B511F977ABB007AB702 /* NSObject+Extension.swift */,
				433D0B551F978C9D007AB702 /* Data+Extension.swift */,
				438ED7471FA2FBCB0042D243 /* UIViewController+Extension.swift */,
				436A674A1FCD8D4E005B8FCA /* UIButton+Extension.swift */,
				436A67541FCDB74C005B8FCA /* UIApplication+Extension.swift */,
			);
			path = Extension;
			sourceTree = "<group>";
		};
		43A35A991F8A218D004037F1 /* Plist */ = {
			isa = PBXGroup;
			children = (
				43213BF51FA252F1005F9C94 /* Info.plist */,
			);
			path = Plist;
			sourceTree = "<group>";
		};
		43A35A9A1F8A21AF004037F1 /* PhotoCapture */ = {
			isa = PBXGroup;
			children = (
				43A516DF1F7E342600DCECFF /* DemoCaptureViewController.swift */,
				43C134FA1FA1BC1500938218 /* Model */,
				43A35A9B1F8A21C0004037F1 /* Controller */,
				43A35A9D1F8A21F9004037F1 /* View */,
			);
			path = PhotoCapture;
			sourceTree = "<group>";
		};
		43A35A9B1F8A21C0004037F1 /* Controller */ = {
			isa = PBXGroup;
			children = (
				43A516CC1F7E248100DCECFF /* PhotoCaptureViewController.swift */,
				43A35A9E1F8A22F5004037F1 /* PhotoCaptureViewController+Extension.swift */,
				4383BC751F8B66AD00A10E30 /* PhotoCaptureViewController+AVCaptureVideoDataOutputSampleBufferDelegate.swift */,
				4383BC771F8B66EC00A10E30 /* PhotoCaptureViewController+AVCapturePhotoCaptureDelegate.swift */,
				43C134FE1FA1BE2C00938218 /* PhotoCaptureViewController+ImageCropDelegate.swift */,
				438ED7441FA2F82E0042D243 /* PhotoCaptureViewControllerState.swift */,
				438ED7461FA2F8940042D243 /* PhosterPager */,
				436A67601FCDFB33005B8FCA /* PosterTextCreation */,
			);
			path = Controller;
			sourceTree = "<group>";
		};
		43A35A9C1F8A21D9004037F1 /* View */ = {
			isa = PBXGroup;
			children = (
				43A516D31F7E248100DCECFF /* LaunchScreen.storyboard */,
				433D0B4F1F977838007AB702 /* AppStoryboard.swift */,
				436A67591FCDC01D005B8FCA /* KMPlaceholderTextView.swift */,
			);
			path = View;
			sourceTree = "<group>";
		};
		43A35A9D1F8A21F9004037F1 /* View */ = {
			isa = PBXGroup;
			children = (
				43A516CE1F7E248100DCECFF /* Main.storyboard */,
			);
			path = View;
			sourceTree = "<group>";
		};
		43A516BE1F7E248100DCECFF = {
			isa = PBXGroup;
			children = (
				436A67661FCE01C2005B8FCA /* LSFramework.xcodeproj */,
				43A516C91F7E248100DCECFF /* AngerSun */,
				43A516C81F7E248100DCECFF /* Products */,
				43A516DC1F7E24DB00DCECFF /* Frameworks */,
			);
			sourceTree = "<group>";
		};
		43A516C81F7E248100DCECFF /* Products */ = {
			isa = PBXGroup;
			children = (
				43A516C71F7E248100DCECFF /* AngerSun.app */,
			);
			name = Products;
			sourceTree = "<group>";
		};
		43A516C91F7E248100DCECFF /* AngerSun */ = {
			isa = PBXGroup;
			children = (
				43A35A961F8A2142004037F1 /* App */,
				43C0419C1FA2075900B8E978 /* PhotoLibrary */,
				43A35A9A1F8A21AF004037F1 /* PhotoCapture */,
			);
			path = AngerSun;
			sourceTree = "<group>";
		};
		43A516DC1F7E24DB00DCECFF /* Frameworks */ = {
			isa = PBXGroup;
			children = (
				43A516DD1F7E24DB00DCECFF /* AVFoundation.framework */,
			);
			name = Frameworks;
			sourceTree = "<group>";
		};
		43C0419C1FA2075900B8E978 /* PhotoLibrary */ = {
			isa = PBXGroup;
			children = (
				43C0419F1FA2079200B8E978 /* Controller */,
				43C0419D1FA2077900B8E978 /* Model */,
				43C0419E1FA2078000B8E978 /* View */,
			);
			path = PhotoLibrary;
			sourceTree = "<group>";
		};
		43C0419D1FA2077900B8E978 /* Model */ = {
			isa = PBXGroup;
			children = (
				43C041961FA1E4D200B8E978 /* ImageFetcher.swift */,
				43C041981FA1E50600B8E978 /* PhotoLibraryAuthorizer.swift */,
				43C041A21FA249FB00B8E978 /* PhotoLibraryWrapperDelegate.swift */,
				438ED7491FA31A9D0042D243 /* ImageCropDelegate.swift */,
				438ED74B1FA31AB20042D243 /* ImageCropDataSource.swift */,
			);
			path = Model;
			sourceTree = "<group>";
		};
		43C0419E1FA2078000B8E978 /* View */ = {
			isa = PBXGroup;
			children = (
				43C134F81FA1BB2100938218 /* PhotoLibrary.storyboard */,
				43C0419A1FA1E56E00B8E978 /* ImageCell.swift */,
				43213BF11FA24AD1005F9C94 /* CropAreaView.swift */,
			);
			path = View;
			sourceTree = "<group>";
		};
		43C0419F1FA2079200B8E978 /* Controller */ = {
			isa = PBXGroup;
			children = (
				43C041A01FA207E600B8E978 /* PhotoLibraryWrapper.swift */,
				43C134F71FA1BAD000938218 /* ImageCropViewController.swift */,
				43C041941FA1E2D200B8E978 /* PhotoLibraryViewController.swift */,
			);
			path = Controller;
			sourceTree = "<group>";
		};
		43C134F61FA1BAB100938218 /* Controllers */ = {
			isa = PBXGroup;
			children = (
				436A67501FCDB6E5005B8FCA /* BaseViewController.swift */,
			);
			path = Controllers;
			sourceTree = "<group>";
		};
		43C134FA1FA1BC1500938218 /* Model */ = {
			isa = PBXGroup;
			children = (
				436A67611FCDFB4C005B8FCA /* PosterTextCreation */,
				43822D231F98BDE700E8D868 /* Poster */,
				43C134FB1FA1BC2800938218 /* ImageCropInfo.swift */,
			);
			path = Model;
			sourceTree = "<group>";
		};
/* End PBXGroup section */

/* Begin PBXNativeTarget section */
		43A516C61F7E248100DCECFF /* AngerSun */ = {
			isa = PBXNativeTarget;
			buildConfigurationList = 43A516D91F7E248100DCECFF /* Build configuration list for PBXNativeTarget "AngerSun" */;
			buildPhases = (
				43A516C31F7E248100DCECFF /* Sources */,
				43A516C41F7E248100DCECFF /* Frameworks */,
				43A516C51F7E248100DCECFF /* Resources */,
				436A67731FCE01D3005B8FCA /* Embed Frameworks */,
			);
			buildRules = (
			);
			dependencies = (
				436A67721FCE01D3005B8FCA /* PBXTargetDependency */,
			);
			name = AngerSun;
			productName = PhotoCapture;
			productReference = 43A516C71F7E248100DCECFF /* AngerSun.app */;
			productType = "com.apple.product-type.application";
		};
/* End PBXNativeTarget section */

/* Begin PBXProject section */
		43A516BF1F7E248100DCECFF /* Project object */ = {
			isa = PBXProject;
			attributes = {
				LastSwiftUpdateCheck = 0900;
				LastUpgradeCheck = 0900;
				ORGANIZATIONNAME = Self;
				TargetAttributes = {
					43A516C61F7E248100DCECFF = {
						CreatedOnToolsVersion = 9.0;
						ProvisioningStyle = Automatic;
					};
				};
			};
			buildConfigurationList = 43A516C21F7E248100DCECFF /* Build configuration list for PBXProject "AngerSun" */;
			compatibilityVersion = "Xcode 8.0";
			developmentRegion = en;
			hasScannedForEncodings = 0;
			knownRegions = (
				en,
				Base,
			);
			mainGroup = 43A516BE1F7E248100DCECFF;
			productRefGroup = 43A516C81F7E248100DCECFF /* Products */;
			projectDirPath = "";
			projectReferences = (
				{
					ProductGroup = 436A67671FCE01C2005B8FCA /* Products */;
					ProjectRef = 436A67661FCE01C2005B8FCA /* LSFramework.xcodeproj */;
				},
			);
			projectRoot = "";
			targets = (
				43A516C61F7E248100DCECFF /* AngerSun */,
			);
		};
/* End PBXProject section */

/* Begin PBXReferenceProxy section */
		436A676C1FCE01C3005B8FCA /* LSFramework.framework */ = {
			isa = PBXReferenceProxy;
			fileType = wrapper.framework;
			path = LSFramework.framework;
			remoteRef = 436A676B1FCE01C3005B8FCA /* PBXContainerItemProxy */;
			sourceTree = BUILT_PRODUCTS_DIR;
		};
		436A676E1FCE01C3005B8FCA /* LSFrameworkTests.xctest */ = {
			isa = PBXReferenceProxy;
			fileType = wrapper.cfbundle;
			path = LSFrameworkTests.xctest;
			remoteRef = 436A676D1FCE01C3005B8FCA /* PBXContainerItemProxy */;
			sourceTree = BUILT_PRODUCTS_DIR;
		};
/* End PBXReferenceProxy section */

/* Begin PBXResourcesBuildPhase section */
		43A516C51F7E248100DCECFF /* Resources */ = {
			isa = PBXResourcesBuildPhase;
			buildActionMask = 2147483647;
			files = (
				43A516D51F7E248100DCECFF /* LaunchScreen.storyboard in Resources */,
				43C134F91FA1BB2100938218 /* PhotoLibrary.storyboard in Resources */,
				43213BF41FA252DE005F9C94 /* Assets.xcassets in Resources */,
				436A67581FCDBB49005B8FCA /* xerox-sans.ttf in Resources */,
				43A516D01F7E248100DCECFF /* Main.storyboard in Resources */,
			);
			runOnlyForDeploymentPostprocessing = 0;
		};
/* End PBXResourcesBuildPhase section */

/* Begin PBXSourcesBuildPhase section */
		43A516C31F7E248100DCECFF /* Sources */ = {
			isa = PBXSourcesBuildPhase;
			buildActionMask = 2147483647;
			files = (
				43822D291F98BF2B00E8D868 /* Poster.swift in Sources */,
				43A516CD1F7E248100DCECFF /* PhotoCaptureViewController.swift in Sources */,
				436A674E1FCDB626005B8FCA /* PosterTextCreationViewController.swift in Sources */,
				433D0B561F978C9D007AB702 /* Data+Extension.swift in Sources */,
				436A675D1FCDC177005B8FCA /* AppFont.swift in Sources */,
				43C02E3D1F9D0644002F79B4 /* UIColor+Extension.swift in Sources */,
				436A67511FCDB6E5005B8FCA /* BaseViewController.swift in Sources */,
				438ED7481FA2FBCB0042D243 /* UIViewController+Extension.swift in Sources */,
				43A516CB1F7E248100DCECFF /* AppDelegate.swift in Sources */,
				43F0F7571F865AF000B251C3 /* UIViewController+UIImagePickerControllerDelegate+Extension.swift in Sources */,
				43C134FD1FA1BCDD00938218 /* ImageCropViewController.swift in Sources */,
				436A675A1FCDC01D005B8FCA /* KMPlaceholderTextView.swift in Sources */,
				43C041991FA1E50600B8E978 /* PhotoLibraryAuthorizer.swift in Sources */,
				436A67531FCDB719005B8FCA /* KeyboardDelegate.swift in Sources */,
				433D0B521F977ABB007AB702 /* NSObject+Extension.swift in Sources */,
				438ED74C1FA31AB20042D243 /* ImageCropDataSource.swift in Sources */,
				43AFE2811F8901C50065B496 /* UIImage+Extension.swift in Sources */,
				438ED7451FA2F82E0042D243 /* PhotoCaptureViewControllerState.swift in Sources */,
				43C134FF1FA1BE2C00938218 /* PhotoCaptureViewController+ImageCropDelegate.swift in Sources */,
				436A67651FCDFB96005B8FCA /* PosterTextCreationDataProvider.swift in Sources */,
				4378D3B81F8265060010E565 /* UIView+Extension.swift in Sources */,
				436A67631FCDFB55005B8FCA /* PosterTextCreationInfo.swift in Sources */,
				43C041A11FA207E600B8E978 /* PhotoLibraryWrapper.swift in Sources */,
				4383BC7D1F8CB99700A10E30 /* AppButton.swift in Sources */,
				43F7DA141FCD676900D1BB8B /* PosterPageDelegate.swift in Sources */,
				438ED74A1FA31A9D0042D243 /* ImageCropDelegate.swift in Sources */,
				43C041951FA1E2D200B8E978 /* PhotoLibraryViewController.swift in Sources */,
				4378D3BA1F8266100010E565 /* PosterPageViewController.swift in Sources */,
				43C4D1301FE26D3A00EC6D22 /* LoadingAppButton.swift in Sources */,
				43C0419B1FA1E56E00B8E978 /* ImageCell.swift in Sources */,
				43822D251F98BE3B00E8D868 /* PosterDataProvider.swift in Sources */,
				436A674B1FCD8D4E005B8FCA /* UIButton+Extension.swift in Sources */,
				43C134FC1FA1BC2800938218 /* ImageCropInfo.swift in Sources */,
				4383BC761F8B66AD00A10E30 /* PhotoCaptureViewController+AVCaptureVideoDataOutputSampleBufferDelegate.swift in Sources */,
				43A516E01F7E342600DCECFF /* DemoCaptureViewController.swift in Sources */,
				43213BF21FA24AD1005F9C94 /* CropAreaView.swift in Sources */,
				43822D271F98BEF700E8D868 /* PosterFilterType.swift in Sources */,
				4390F3DB1FDFEEB000DE9999 /* StoreReviewHelper.swift in Sources */,
				43822D2B1F98C7D700E8D868 /* MonochromePoster.swift in Sources */,
				4383BC781F8B66EC00A10E30 /* PhotoCaptureViewController+AVCapturePhotoCaptureDelegate.swift in Sources */,
				436A67551FCDB74C005B8FCA /* UIApplication+Extension.swift in Sources */,
				43C041A31FA249FB00B8E978 /* PhotoLibraryWrapperDelegate.swift in Sources */,
				43C041971FA1E4D300B8E978 /* ImageFetcher.swift in Sources */,
				433D0B501F977838007AB702 /* AppStoryboard.swift in Sources */,
				43E530861F8A537000D074E5 /* CIImage+Extension.swift in Sources */,
				43A35A9F1F8A22F5004037F1 /* PhotoCaptureViewController+Extension.swift in Sources */,
				4343307D1F95E9AA00632C65 /* CIFilter+Extension.swift in Sources */,
				4378D3BC1F82667D0010E565 /* PosterViewController.swift in Sources */,
			);
			runOnlyForDeploymentPostprocessing = 0;
		};
/* End PBXSourcesBuildPhase section */

/* Begin PBXTargetDependency section */
		436A67721FCE01D3005B8FCA /* PBXTargetDependency */ = {
			isa = PBXTargetDependency;
			name = LSFramework;
			targetProxy = 436A67711FCE01D3005B8FCA /* PBXContainerItemProxy */;
		};
/* End PBXTargetDependency section */

/* Begin PBXVariantGroup section */
		43A516CE1F7E248100DCECFF /* Main.storyboard */ = {
			isa = PBXVariantGroup;
			children = (
				43A516CF1F7E248100DCECFF /* Base */,
			);
			name = Main.storyboard;
			sourceTree = "<group>";
		};
		43A516D31F7E248100DCECFF /* LaunchScreen.storyboard */ = {
			isa = PBXVariantGroup;
			children = (
				43A516D41F7E248100DCECFF /* Base */,
			);
			name = LaunchScreen.storyboard;
			sourceTree = "<group>";
		};
/* End PBXVariantGroup section */

/* Begin XCBuildConfiguration section */
		43A516D71F7E248100DCECFF /* Debug */ = {
			isa = XCBuildConfiguration;
			buildSettings = {
				ALWAYS_SEARCH_USER_PATHS = NO;
				CLANG_ANALYZER_NONNULL = YES;
				CLANG_ANALYZER_NUMBER_OBJECT_CONVERSION = YES_AGGRESSIVE;
				CLANG_CXX_LANGUAGE_STANDARD = "gnu++14";
				CLANG_CXX_LIBRARY = "libc++";
				CLANG_ENABLE_MODULES = YES;
				CLANG_ENABLE_OBJC_ARC = YES;
				CLANG_WARN_BLOCK_CAPTURE_AUTORELEASING = YES;
				CLANG_WARN_BOOL_CONVERSION = YES;
				CLANG_WARN_COMMA = YES;
				CLANG_WARN_CONSTANT_CONVERSION = YES;
				CLANG_WARN_DIRECT_OBJC_ISA_USAGE = YES_ERROR;
				CLANG_WARN_DOCUMENTATION_COMMENTS = YES;
				CLANG_WARN_EMPTY_BODY = YES;
				CLANG_WARN_ENUM_CONVERSION = YES;
				CLANG_WARN_INFINITE_RECURSION = YES;
				CLANG_WARN_INT_CONVERSION = YES;
				CLANG_WARN_NON_LITERAL_NULL_CONVERSION = YES;
				CLANG_WARN_OBJC_LITERAL_CONVERSION = YES;
				CLANG_WARN_OBJC_ROOT_CLASS = YES_ERROR;
				CLANG_WARN_RANGE_LOOP_ANALYSIS = YES;
				CLANG_WARN_STRICT_PROTOTYPES = YES;
				CLANG_WARN_SUSPICIOUS_MOVE = YES;
				CLANG_WARN_UNGUARDED_AVAILABILITY = YES_AGGRESSIVE;
				CLANG_WARN_UNREACHABLE_CODE = YES;
				CLANG_WARN__DUPLICATE_METHOD_MATCH = YES;
				CODE_SIGN_IDENTITY = "iPhone Developer";
				COPY_PHASE_STRIP = NO;
				DEBUG_INFORMATION_FORMAT = dwarf;
				ENABLE_STRICT_OBJC_MSGSEND = YES;
				ENABLE_TESTABILITY = YES;
				GCC_C_LANGUAGE_STANDARD = gnu11;
				GCC_DYNAMIC_NO_PIC = NO;
				GCC_NO_COMMON_BLOCKS = YES;
				GCC_OPTIMIZATION_LEVEL = 0;
				GCC_PREPROCESSOR_DEFINITIONS = (
					"DEBUG=1",
					"$(inherited)",
				);
				GCC_WARN_64_TO_32_BIT_CONVERSION = YES;
				GCC_WARN_ABOUT_RETURN_TYPE = YES_ERROR;
				GCC_WARN_UNDECLARED_SELECTOR = YES;
				GCC_WARN_UNINITIALIZED_AUTOS = YES_AGGRESSIVE;
				GCC_WARN_UNUSED_FUNCTION = YES;
				GCC_WARN_UNUSED_VARIABLE = YES;
				IPHONEOS_DEPLOYMENT_TARGET = 11.0;
				MTL_ENABLE_DEBUG_INFO = YES;
				ONLY_ACTIVE_ARCH = YES;
				SDKROOT = iphoneos;
				SWIFT_ACTIVE_COMPILATION_CONDITIONS = DEBUG;
				SWIFT_OPTIMIZATION_LEVEL = "-Onone";
			};
			name = Debug;
		};
		43A516D81F7E248100DCECFF /* Release */ = {
			isa = XCBuildConfiguration;
			buildSettings = {
				ALWAYS_SEARCH_USER_PATHS = NO;
				CLANG_ANALYZER_NONNULL = YES;
				CLANG_ANALYZER_NUMBER_OBJECT_CONVERSION = YES_AGGRESSIVE;
				CLANG_CXX_LANGUAGE_STANDARD = "gnu++14";
				CLANG_CXX_LIBRARY = "libc++";
				CLANG_ENABLE_MODULES = YES;
				CLANG_ENABLE_OBJC_ARC = YES;
				CLANG_WARN_BLOCK_CAPTURE_AUTORELEASING = YES;
				CLANG_WARN_BOOL_CONVERSION = YES;
				CLANG_WARN_COMMA = YES;
				CLANG_WARN_CONSTANT_CONVERSION = YES;
				CLANG_WARN_DIRECT_OBJC_ISA_USAGE = YES_ERROR;
				CLANG_WARN_DOCUMENTATION_COMMENTS = YES;
				CLANG_WARN_EMPTY_BODY = YES;
				CLANG_WARN_ENUM_CONVERSION = YES;
				CLANG_WARN_INFINITE_RECURSION = YES;
				CLANG_WARN_INT_CONVERSION = YES;
				CLANG_WARN_NON_LITERAL_NULL_CONVERSION = YES;
				CLANG_WARN_OBJC_LITERAL_CONVERSION = YES;
				CLANG_WARN_OBJC_ROOT_CLASS = YES_ERROR;
				CLANG_WARN_RANGE_LOOP_ANALYSIS = YES;
				CLANG_WARN_STRICT_PROTOTYPES = YES;
				CLANG_WARN_SUSPICIOUS_MOVE = YES;
				CLANG_WARN_UNGUARDED_AVAILABILITY = YES_AGGRESSIVE;
				CLANG_WARN_UNREACHABLE_CODE = YES;
				CLANG_WARN__DUPLICATE_METHOD_MATCH = YES;
				CODE_SIGN_IDENTITY = "iPhone Developer";
				COPY_PHASE_STRIP = NO;
				DEBUG_INFORMATION_FORMAT = "dwarf-with-dsym";
				ENABLE_NS_ASSERTIONS = NO;
				ENABLE_STRICT_OBJC_MSGSEND = YES;
				GCC_C_LANGUAGE_STANDARD = gnu11;
				GCC_NO_COMMON_BLOCKS = YES;
				GCC_WARN_64_TO_32_BIT_CONVERSION = YES;
				GCC_WARN_ABOUT_RETURN_TYPE = YES_ERROR;
				GCC_WARN_UNDECLARED_SELECTOR = YES;
				GCC_WARN_UNINITIALIZED_AUTOS = YES_AGGRESSIVE;
				GCC_WARN_UNUSED_FUNCTION = YES;
				GCC_WARN_UNUSED_VARIABLE = YES;
				IPHONEOS_DEPLOYMENT_TARGET = 11.0;
				MTL_ENABLE_DEBUG_INFO = NO;
				SDKROOT = iphoneos;
				SWIFT_OPTIMIZATION_LEVEL = "-Owholemodule";
				VALIDATE_PRODUCT = YES;
			};
			name = Release;
		};
		43A516DA1F7E248100DCECFF /* Debug */ = {
			isa = XCBuildConfiguration;
			buildSettings = {
				ALWAYS_EMBED_SWIFT_STANDARD_LIBRARIES = YES;
				ASSETCATALOG_COMPILER_APPICON_NAME = AppIcon;
				CODE_SIGN_STYLE = Automatic;
				DEVELOPMENT_TEAM = 2BVRJ3FE95;
				INFOPLIST_FILE = "$(SRCROOT)/AngerSun/App/Plist/Info.plist";
				IPHONEOS_DEPLOYMENT_TARGET = 10.0;
				LD_RUNPATH_SEARCH_PATHS = "$(inherited) @executable_path/Frameworks";
				PRODUCT_BUNDLE_IDENTIFIER = com.angersun.camera;
				PRODUCT_NAME = "$(TARGET_NAME)";
				SWIFT_VERSION = 4.0;
				TARGETED_DEVICE_FAMILY = 1;
			};
			name = Debug;
		};
		43A516DB1F7E248100DCECFF /* Release */ = {
			isa = XCBuildConfiguration;
			buildSettings = {
				ALWAYS_EMBED_SWIFT_STANDARD_LIBRARIES = YES;
				ASSETCATALOG_COMPILER_APPICON_NAME = AppIcon;
				CODE_SIGN_STYLE = Automatic;
				DEVELOPMENT_TEAM = 2BVRJ3FE95;
				INFOPLIST_FILE = "$(SRCROOT)/AngerSun/App/Plist/Info.plist";
				IPHONEOS_DEPLOYMENT_TARGET = 10.0;
				LD_RUNPATH_SEARCH_PATHS = "$(inherited) @executable_path/Frameworks";
				PRODUCT_BUNDLE_IDENTIFIER = com.angersun.camera;
				PRODUCT_NAME = "$(TARGET_NAME)";
				SWIFT_VERSION = 4.0;
				TARGETED_DEVICE_FAMILY = 1;
			};
			name = Release;
		};
/* End XCBuildConfiguration section */

/* Begin XCConfigurationList section */
		43A516C21F7E248100DCECFF /* Build configuration list for PBXProject "AngerSun" */ = {
			isa = XCConfigurationList;
			buildConfigurations = (
				43A516D71F7E248100DCECFF /* Debug */,
				43A516D81F7E248100DCECFF /* Release */,
			);
			defaultConfigurationIsVisible = 0;
			defaultConfigurationName = Release;
		};
		43A516D91F7E248100DCECFF /* Build configuration list for PBXNativeTarget "AngerSun" */ = {
			isa = XCConfigurationList;
			buildConfigurations = (
				43A516DA1F7E248100DCECFF /* Debug */,
				43A516DB1F7E248100DCECFF /* Release */,
			);
			defaultConfigurationIsVisible = 0;
			defaultConfigurationName = Release;
		};
/* End XCConfigurationList section */
	};
	rootObject = 43A516BF1F7E248100DCECFF /* Project object */;
}
