// !$*UTF8*$!
{
	archiveVersion = 1;
	classes = {
	};
	objectVersion = 48;
	objects = {

/* Begin PBXBuildFile section */
		4378D3B81F8265060010E565 /* UIView+Extension.swift in Sources */ = {isa = PBXBuildFile; fileRef = 4378D3B71F8265060010E565 /* UIView+Extension.swift */; };
		4378D3BA1F8266100010E565 /* PageViewController.swift in Sources */ = {isa = PBXBuildFile; fileRef = 4378D3B91F8266100010E565 /* PageViewController.swift */; };
		4378D3BC1F82667D0010E565 /* PosterViewController.swift in Sources */ = {isa = PBXBuildFile; fileRef = 4378D3BB1F82667D0010E565 /* PosterViewController.swift */; };
		43A516CB1F7E248100DCECFF /* AppDelegate.swift in Sources */ = {isa = PBXBuildFile; fileRef = 43A516CA1F7E248100DCECFF /* AppDelegate.swift */; };
		43A516CD1F7E248100DCECFF /* ViewController.swift in Sources */ = {isa = PBXBuildFile; fileRef = 43A516CC1F7E248100DCECFF /* ViewController.swift */; };
		43A516D01F7E248100DCECFF /* Main.storyboard in Resources */ = {isa = PBXBuildFile; fileRef = 43A516CE1F7E248100DCECFF /* Main.storyboard */; };
		43A516D21F7E248100DCECFF /* Assets.xcassets in Resources */ = {isa = PBXBuildFile; fileRef = 43A516D11F7E248100DCECFF /* Assets.xcassets */; };
		43A516D51F7E248100DCECFF /* LaunchScreen.storyboard in Resources */ = {isa = PBXBuildFile; fileRef = 43A516D31F7E248100DCECFF /* LaunchScreen.storyboard */; };
		43A516DE1F7E24DB00DCECFF /* AVFoundation.framework in Frameworks */ = {isa = PBXBuildFile; fileRef = 43A516DD1F7E24DB00DCECFF /* AVFoundation.framework */; };
		43A516E01F7E342600DCECFF /* PhotoCaptureViewController.swift in Sources */ = {isa = PBXBuildFile; fileRef = 43A516DF1F7E342600DCECFF /* PhotoCaptureViewController.swift */; };
/* End PBXBuildFile section */

/* Begin PBXFileReference section */
		4378D3B71F8265060010E565 /* UIView+Extension.swift */ = {isa = PBXFileReference; lastKnownFileType = sourcecode.swift; path = "UIView+Extension.swift"; sourceTree = "<group>"; };
		4378D3B91F8266100010E565 /* PageViewController.swift */ = {isa = PBXFileReference; lastKnownFileType = sourcecode.swift; path = PageViewController.swift; sourceTree = "<group>"; };
		4378D3BB1F82667D0010E565 /* PosterViewController.swift */ = {isa = PBXFileReference; lastKnownFileType = sourcecode.swift; path = PosterViewController.swift; sourceTree = "<group>"; };
		43A516C71F7E248100DCECFF /* PhotoCapture.app */ = {isa = PBXFileReference; explicitFileType = wrapper.application; includeInIndex = 0; path = PhotoCapture.app; sourceTree = BUILT_PRODUCTS_DIR; };
		43A516CA1F7E248100DCECFF /* AppDelegate.swift */ = {isa = PBXFileReference; lastKnownFileType = sourcecode.swift; path = AppDelegate.swift; sourceTree = "<group>"; };
		43A516CC1F7E248100DCECFF /* ViewController.swift */ = {isa = PBXFileReference; lastKnownFileType = sourcecode.swift; path = ViewController.swift; sourceTree = "<group>"; };
		43A516CF1F7E248100DCECFF /* Base */ = {isa = PBXFileReference; lastKnownFileType = file.storyboard; name = Base; path = Base.lproj/Main.storyboard; sourceTree = "<group>"; };
		43A516D11F7E248100DCECFF /* Assets.xcassets */ = {isa = PBXFileReference; lastKnownFileType = folder.assetcatalog; path = Assets.xcassets; sourceTree = "<group>"; };
		43A516D41F7E248100DCECFF /* Base */ = {isa = PBXFileReference; lastKnownFileType = file.storyboard; name = Base; path = Base.lproj/LaunchScreen.storyboard; sourceTree = "<group>"; };
		43A516D61F7E248100DCECFF /* Info.plist */ = {isa = PBXFileReference; lastKnownFileType = text.plist.xml; path = Info.plist; sourceTree = "<group>"; };
		43A516DD1F7E24DB00DCECFF /* AVFoundation.framework */ = {isa = PBXFileReference; lastKnownFileType = wrapper.framework; name = AVFoundation.framework; path = System/Library/Frameworks/AVFoundation.framework; sourceTree = SDKROOT; };
		43A516DF1F7E342600DCECFF /* PhotoCaptureViewController.swift */ = {isa = PBXFileReference; lastKnownFileType = sourcecode.swift; path = PhotoCaptureViewController.swift; sourceTree = "<group>"; };
/* End PBXFileReference section */

/* Begin PBXFrameworksBuildPhase section */
		43A516C41F7E248100DCECFF /* Frameworks */ = {
			isa = PBXFrameworksBuildPhase;
			buildActionMask = 2147483647;
			files = (
				43A516DE1F7E24DB00DCECFF /* AVFoundation.framework in Frameworks */,
			);
			runOnlyForDeploymentPostprocessing = 0;
		};
/* End PBXFrameworksBuildPhase section */

/* Begin PBXGroup section */
		43A516BE1F7E248100DCECFF = {
			isa = PBXGroup;
			children = (
				43A516C91F7E248100DCECFF /* PhotoCapture */,
				43A516C81F7E248100DCECFF /* Products */,
				43A516DC1F7E24DB00DCECFF /* Frameworks */,
			);
			sourceTree = "<group>";
		};
		43A516C81F7E248100DCECFF /* Products */ = {
			isa = PBXGroup;
			children = (
				43A516C71F7E248100DCECFF /* PhotoCapture.app */,
			);
			name = Products;
			sourceTree = "<group>";
		};
		43A516C91F7E248100DCECFF /* PhotoCapture */ = {
			isa = PBXGroup;
			children = (
				43A516CA1F7E248100DCECFF /* AppDelegate.swift */,
				43A516CC1F7E248100DCECFF /* ViewController.swift */,
				43A516CE1F7E248100DCECFF /* Main.storyboard */,
				43A516D11F7E248100DCECFF /* Assets.xcassets */,
				43A516D31F7E248100DCECFF /* LaunchScreen.storyboard */,
				43A516D61F7E248100DCECFF /* Info.plist */,
				43A516DF1F7E342600DCECFF /* PhotoCaptureViewController.swift */,
				4378D3B71F8265060010E565 /* UIView+Extension.swift */,
				4378D3B91F8266100010E565 /* PageViewController.swift */,
				4378D3BB1F82667D0010E565 /* PosterViewController.swift */,
			);
			path = PhotoCapture;
			sourceTree = "<group>";
		};
		43A516DC1F7E24DB00DCECFF /* Frameworks */ = {
			isa = PBXGroup;
			children = (
				43A516DD1F7E24DB00DCECFF /* AVFoundation.framework */,
			);
			name = Frameworks;
			sourceTree = "<group>";
		};
/* End PBXGroup section */

/* Begin PBXNativeTarget section */
		43A516C61F7E248100DCECFF /* PhotoCapture */ = {
			isa = PBXNativeTarget;
			buildConfigurationList = 43A516D91F7E248100DCECFF /* Build configuration list for PBXNativeTarget "PhotoCapture" */;
			buildPhases = (
				43A516C31F7E248100DCECFF /* Sources */,
				43A516C41F7E248100DCECFF /* Frameworks */,
				43A516C51F7E248100DCECFF /* Resources */,
			);
			buildRules = (
			);
			dependencies = (
			);
			name = PhotoCapture;
			productName = PhotoCapture;
			productReference = 43A516C71F7E248100DCECFF /* PhotoCapture.app */;
			productType = "com.apple.product-type.application";
		};
/* End PBXNativeTarget section */

/* Begin PBXProject section */
		43A516BF1F7E248100DCECFF /* Project object */ = {
			isa = PBXProject;
			attributes = {
				LastSwiftUpdateCheck = 0900;
				LastUpgradeCheck = 0900;
				ORGANIZATIONNAME = Self;
				TargetAttributes = {
					43A516C61F7E248100DCECFF = {
						CreatedOnToolsVersion = 9.0;
						ProvisioningStyle = Automatic;
					};
				};
			};
			buildConfigurationList = 43A516C21F7E248100DCECFF /* Build configuration list for PBXProject "PhotoCapture" */;
			compatibilityVersion = "Xcode 8.0";
			developmentRegion = en;
			hasScannedForEncodings = 0;
			knownRegions = (
				en,
				Base,
			);
			mainGroup = 43A516BE1F7E248100DCECFF;
			productRefGroup = 43A516C81F7E248100DCECFF /* Products */;
			projectDirPath = "";
			projectRoot = "";
			targets = (
				43A516C61F7E248100DCECFF /* PhotoCapture */,
			);
		};
/* End PBXProject section */

/* Begin PBXResourcesBuildPhase section */
		43A516C51F7E248100DCECFF /* Resources */ = {
			isa = PBXResourcesBuildPhase;
			buildActionMask = 2147483647;
			files = (
				43A516D51F7E248100DCECFF /* LaunchScreen.storyboard in Resources */,
				43A516D21F7E248100DCECFF /* Assets.xcassets in Resources */,
				43A516D01F7E248100DCECFF /* Main.storyboard in Resources */,
			);
			runOnlyForDeploymentPostprocessing = 0;
		};
/* End PBXResourcesBuildPhase section */

/* Begin PBXSourcesBuildPhase section */
		43A516C31F7E248100DCECFF /* Sources */ = {
			isa = PBXSourcesBuildPhase;
			buildActionMask = 2147483647;
			files = (
				43A516CD1F7E248100DCECFF /* ViewController.swift in Sources */,
				43A516CB1F7E248100DCECFF /* AppDelegate.swift in Sources */,
				4378D3B81F8265060010E565 /* UIView+Extension.swift in Sources */,
				4378D3BA1F8266100010E565 /* PageViewController.swift in Sources */,
				43A516E01F7E342600DCECFF /* PhotoCaptureViewController.swift in Sources */,
				4378D3BC1F82667D0010E565 /* PosterViewController.swift in Sources */,
			);
			runOnlyForDeploymentPostprocessing = 0;
		};
/* End PBXSourcesBuildPhase section */

/* Begin PBXVariantGroup section */
		43A516CE1F7E248100DCECFF /* Main.storyboard */ = {
			isa = PBXVariantGroup;
			children = (
				43A516CF1F7E248100DCECFF /* Base */,
			);
			name = Main.storyboard;
			sourceTree = "<group>";
		};
		43A516D31F7E248100DCECFF /* LaunchScreen.storyboard */ = {
			isa = PBXVariantGroup;
			children = (
				43A516D41F7E248100DCECFF /* Base */,
			);
			name = LaunchScreen.storyboard;
			sourceTree = "<group>";
		};
/* End PBXVariantGroup section */

/* Begin XCBuildConfiguration section */
		43A516D71F7E248100DCECFF /* Debug */ = {
			isa = XCBuildConfiguration;
			buildSettings = {
				ALWAYS_SEARCH_USER_PATHS = NO;
				CLANG_ANALYZER_NONNULL = YES;
				CLANG_ANALYZER_NUMBER_OBJECT_CONVERSION = YES_AGGRESSIVE;
				CLANG_CXX_LANGUAGE_STANDARD = "gnu++14";
				CLANG_CXX_LIBRARY = "libc++";
				CLANG_ENABLE_MODULES = YES;
				CLANG_ENABLE_OBJC_ARC = YES;
				CLANG_WARN_BLOCK_CAPTURE_AUTORELEASING = YES;
				CLANG_WARN_BOOL_CONVERSION = YES;
				CLANG_WARN_COMMA = YES;
				CLANG_WARN_CONSTANT_CONVERSION = YES;
				CLANG_WARN_DIRECT_OBJC_ISA_USAGE = YES_ERROR;
				CLANG_WARN_DOCUMENTATION_COMMENTS = YES;
				CLANG_WARN_EMPTY_BODY = YES;
				CLANG_WARN_ENUM_CONVERSION = YES;
				CLANG_WARN_INFINITE_RECURSION = YES;
				CLANG_WARN_INT_CONVERSION = YES;
				CLANG_WARN_NON_LITERAL_NULL_CONVERSION = YES;
				CLANG_WARN_OBJC_LITERAL_CONVERSION = YES;
				CLANG_WARN_OBJC_ROOT_CLASS = YES_ERROR;
				CLANG_WARN_RANGE_LOOP_ANALYSIS = YES;
				CLANG_WARN_STRICT_PROTOTYPES = YES;
				CLANG_WARN_SUSPICIOUS_MOVE = YES;
				CLANG_WARN_UNGUARDED_AVAILABILITY = YES_AGGRESSIVE;
				CLANG_WARN_UNREACHABLE_CODE = YES;
				CLANG_WARN__DUPLICATE_METHOD_MATCH = YES;
				CODE_SIGN_IDENTITY = "iPhone Developer";
				COPY_PHASE_STRIP = NO;
				DEBUG_INFORMATION_FORMAT = dwarf;
				ENABLE_STRICT_OBJC_MSGSEND = YES;
				ENABLE_TESTABILITY = YES;
				GCC_C_LANGUAGE_STANDARD = gnu11;
				GCC_DYNAMIC_NO_PIC = NO;
				GCC_NO_COMMON_BLOCKS = YES;
				GCC_OPTIMIZATION_LEVEL = 0;
				GCC_PREPROCESSOR_DEFINITIONS = (
					"DEBUG=1",
					"$(inherited)",
				);
				GCC_WARN_64_TO_32_BIT_CONVERSION = YES;
				GCC_WARN_ABOUT_RETURN_TYPE = YES_ERROR;
				GCC_WARN_UNDECLARED_SELECTOR = YES;
				GCC_WARN_UNINITIALIZED_AUTOS = YES_AGGRESSIVE;
				GCC_WARN_UNUSED_FUNCTION = YES;
				GCC_WARN_UNUSED_VARIABLE = YES;
				IPHONEOS_DEPLOYMENT_TARGET = 11.0;
				MTL_ENABLE_DEBUG_INFO = YES;
				ONLY_ACTIVE_ARCH = YES;
				SDKROOT = iphoneos;
				SWIFT_ACTIVE_COMPILATION_CONDITIONS = DEBUG;
				SWIFT_OPTIMIZATION_LEVEL = "-Onone";
			};
			name = Debug;
		};
		43A516D81F7E248100DCECFF /* Release */ = {
			isa = XCBuildConfiguration;
			buildSettings = {
				ALWAYS_SEARCH_USER_PATHS = NO;
				CLANG_ANALYZER_NONNULL = YES;
				CLANG_ANALYZER_NUMBER_OBJECT_CONVERSION = YES_AGGRESSIVE;
				CLANG_CXX_LANGUAGE_STANDARD = "gnu++14";
				CLANG_CXX_LIBRARY = "libc++";
				CLANG_ENABLE_MODULES = YES;
				CLANG_ENABLE_OBJC_ARC = YES;
				CLANG_WARN_BLOCK_CAPTURE_AUTORELEASING = YES;
				CLANG_WARN_BOOL_CONVERSION = YES;
				CLANG_WARN_COMMA = YES;
				CLANG_WARN_CONSTANT_CONVERSION = YES;
				CLANG_WARN_DIRECT_OBJC_ISA_USAGE = YES_ERROR;
				CLANG_WARN_DOCUMENTATION_COMMENTS = YES;
				CLANG_WARN_EMPTY_BODY = YES;
				CLANG_WARN_ENUM_CONVERSION = YES;
				CLANG_WARN_INFINITE_RECURSION = YES;
				CLANG_WARN_INT_CONVERSION = YES;
				CLANG_WARN_NON_LITERAL_NULL_CONVERSION = YES;
				CLANG_WARN_OBJC_LITERAL_CONVERSION = YES;
				CLANG_WARN_OBJC_ROOT_CLASS = YES_ERROR;
				CLANG_WARN_RANGE_LOOP_ANALYSIS = YES;
				CLANG_WARN_STRICT_PROTOTYPES = YES;
				CLANG_WARN_SUSPICIOUS_MOVE = YES;
				CLANG_WARN_UNGUARDED_AVAILABILITY = YES_AGGRESSIVE;
				CLANG_WARN_UNREACHABLE_CODE = YES;
				CLANG_WARN__DUPLICATE_METHOD_MATCH = YES;
				CODE_SIGN_IDENTITY = "iPhone Developer";
				COPY_PHASE_STRIP = NO;
				DEBUG_INFORMATION_FORMAT = "dwarf-with-dsym";
				ENABLE_NS_ASSERTIONS = NO;
				ENABLE_STRICT_OBJC_MSGSEND = YES;
				GCC_C_LANGUAGE_STANDARD = gnu11;
				GCC_NO_COMMON_BLOCKS = YES;
				GCC_WARN_64_TO_32_BIT_CONVERSION = YES;
				GCC_WARN_ABOUT_RETURN_TYPE = YES_ERROR;
				GCC_WARN_UNDECLARED_SELECTOR = YES;
				GCC_WARN_UNINITIALIZED_AUTOS = YES_AGGRESSIVE;
				GCC_WARN_UNUSED_FUNCTION = YES;
				GCC_WARN_UNUSED_VARIABLE = YES;
				IPHONEOS_DEPLOYMENT_TARGET = 11.0;
				MTL_ENABLE_DEBUG_INFO = NO;
				SDKROOT = iphoneos;
				SWIFT_OPTIMIZATION_LEVEL = "-Owholemodule";
				VALIDATE_PRODUCT = YES;
			};
			name = Release;
		};
		43A516DA1F7E248100DCECFF /* Debug */ = {
			isa = XCBuildConfiguration;
			buildSettings = {
				ASSETCATALOG_COMPILER_APPICON_NAME = AppIcon;
				CODE_SIGN_STYLE = Automatic;
				DEVELOPMENT_TEAM = P56L8EXYGW;
				INFOPLIST_FILE = PhotoCapture/Info.plist;
				IPHONEOS_DEPLOYMENT_TARGET = 10.0;
				LD_RUNPATH_SEARCH_PATHS = "$(inherited) @executable_path/Frameworks";
				PRODUCT_BUNDLE_IDENTIFIER = com.self.PhotoCapture;
				PRODUCT_NAME = "$(TARGET_NAME)";
				SWIFT_VERSION = 4.0;
				TARGETED_DEVICE_FAMILY = "1,2";
			};
			name = Debug;
		};
		43A516DB1F7E248100DCECFF /* Release */ = {
			isa = XCBuildConfiguration;
			buildSettings = {
				ASSETCATALOG_COMPILER_APPICON_NAME = AppIcon;
				CODE_SIGN_STYLE = Automatic;
				DEVELOPMENT_TEAM = P56L8EXYGW;
				INFOPLIST_FILE = PhotoCapture/Info.plist;
				IPHONEOS_DEPLOYMENT_TARGET = 10.0;
				LD_RUNPATH_SEARCH_PATHS = "$(inherited) @executable_path/Frameworks";
				PRODUCT_BUNDLE_IDENTIFIER = com.self.PhotoCapture;
				PRODUCT_NAME = "$(TARGET_NAME)";
				SWIFT_VERSION = 4.0;
				TARGETED_DEVICE_FAMILY = "1,2";
			};
			name = Release;
		};
/* End XCBuildConfiguration section */

/* Begin XCConfigurationList section */
		43A516C21F7E248100DCECFF /* Build configuration list for PBXProject "PhotoCapture" */ = {
			isa = XCConfigurationList;
			buildConfigurations = (
				43A516D71F7E248100DCECFF /* Debug */,
				43A516D81F7E248100DCECFF /* Release */,
			);
			defaultConfigurationIsVisible = 0;
			defaultConfigurationName = Release;
		};
		43A516D91F7E248100DCECFF /* Build configuration list for PBXNativeTarget "PhotoCapture" */ = {
			isa = XCConfigurationList;
			buildConfigurations = (
				43A516DA1F7E248100DCECFF /* Debug */,
				43A516DB1F7E248100DCECFF /* Release */,
			);
			defaultConfigurationIsVisible = 0;
			defaultConfigurationName = Release;
		};
/* End XCConfigurationList section */
	};
	rootObject = 43A516BF1F7E248100DCECFF /* Project object */;
}
